
Microsoft Visual Studio Solution File, Format Version 12.00
Project("{FAE04EC0-301F-11D3-BF4B-00C04F79EFBC}") = "CypherParser", "CypherParser\CypherParser.csproj", "{33280F62-1529-4933-A925-D62DBC38C57C}"
EndProject
Project("{FAE04EC0-301F-11D3-BF4B-00C04F79EFBC}") = "CypherParser.Tests", "CypherParser.Tests\CypherParser.Tests.csproj", "{3CBB421C-9388-4D3A-AEC5-F6864C1CDC4A}"
EndProject
Global
	GlobalSection(SolutionConfigurationPlatforms) = preSolution
		Debug|Any CPU = Debug|Any CPU
		Release|Any CPU = Release|Any CPU
	EndGlobalSection
	GlobalSection(ProjectConfigurationPlatforms) = postSolution
		{33280F62-1529-4933-A925-D62DBC38C57C}.Debug|Any CPU.ActiveCfg = Debug|Any CPU
		{33280F62-1529-4933-A925-D62DBC38C57C}.Debug|Any CPU.Build.0 = Debug|Any CPU
		{33280F62-1529-4933-A925-D62DBC38C57C}.Release|Any CPU.ActiveCfg = Release|Any CPU
		{33280F62-1529-4933-A925-D62DBC38C57C}.Release|Any CPU.Build.0 = Release|Any CPU
		{3CBB421C-9388-4D3A-AEC5-F6864C1CDC4A}.Debug|Any CPU.ActiveCfg = Debug|Any CPU
		{3CBB421C-9388-4D3A-AEC5-F6864C1CDC4A}.Debug|Any CPU.Build.0 = Debug|Any CPU
		{3CBB421C-9388-4D3A-AEC5-F6864C1CDC4A}.Release|Any CPU.ActiveCfg = Release|Any CPU
		{3CBB421C-9388-4D3A-AEC5-F6864C1CDC4A}.Release|Any CPU.Build.0 = Release|Any CPU
	EndGlobalSection
EndGlobal
